
Microsoft Visual Studio Solution File, Format Version 12.00
# Visual Studio Version 17
VisualStudioVersion = 17.7.34024.191
MinimumVisualStudioVersion = 10.0.40219.1
Project("{9A19103F-16F7-4668-BE54-9A1E7A4F7556}") = "AEIH", "AEIH\AEIH.csproj", "{5AF16AFF-31EA-4599-B5A2-982AD4739CB2}"
EndProject
Project("{9A19103F-16F7-4668-BE54-9A1E7A4F7556}") = "BL", "BL\BL.csproj", "{6F80FA2B-0C0F-4FF9-8AA6-B18D38A319B4}"
EndProject
Project("{9A19103F-16F7-4668-BE54-9A1E7A4F7556}") = "DL", "DL\DL.csproj", "{CF69CD0E-7826-41F2-AFF1-1EFEDE348FE1}"
EndProject
Project("{9A19103F-16F7-4668-BE54-9A1E7A4F7556}") = "ML", "ML\ML.csproj", "{7C10AA93-67CF-4E1C-9D88-7AB0DB403BE7}"
EndProject
Project("{FAE04EC0-301F-11D3-BF4B-00C04F79EFBC}") = "SL", "SL\SL.csproj", "{483D4F2A-7FF4-4F7F-A5C5-CD02A7D68267}"
EndProject
Global
	GlobalSection(SolutionConfigurationPlatforms) = preSolution
		Debug|Any CPU = Debug|Any CPU
		Release|Any CPU = Release|Any CPU
	EndGlobalSection
	GlobalSection(ProjectConfigurationPlatforms) = postSolution
		{5AF16AFF-31EA-4599-B5A2-982AD4739CB2}.Debug|Any CPU.ActiveCfg = Debug|Any CPU
		{5AF16AFF-31EA-4599-B5A2-982AD4739CB2}.Debug|Any CPU.Build.0 = Debug|Any CPU
		{5AF16AFF-31EA-4599-B5A2-982AD4739CB2}.Release|Any CPU.ActiveCfg = Release|Any CPU
		{5AF16AFF-31EA-4599-B5A2-982AD4739CB2}.Release|Any CPU.Build.0 = Release|Any CPU
		{6F80FA2B-0C0F-4FF9-8AA6-B18D38A319B4}.Debug|Any CPU.ActiveCfg = Debug|Any CPU
		{6F80FA2B-0C0F-4FF9-8AA6-B18D38A319B4}.Debug|Any CPU.Build.0 = Debug|Any CPU
		{6F80FA2B-0C0F-4FF9-8AA6-B18D38A319B4}.Release|Any CPU.ActiveCfg = Release|Any CPU
		{6F80FA2B-0C0F-4FF9-8AA6-B18D38A319B4}.Release|Any CPU.Build.0 = Release|Any CPU
		{CF69CD0E-7826-41F2-AFF1-1EFEDE348FE1}.Debug|Any CPU.ActiveCfg = Debug|Any CPU
		{CF69CD0E-7826-41F2-AFF1-1EFEDE348FE1}.Debug|Any CPU.Build.0 = Debug|Any CPU
		{CF69CD0E-7826-41F2-AFF1-1EFEDE348FE1}.Release|Any CPU.ActiveCfg = Release|Any CPU
		{CF69CD0E-7826-41F2-AFF1-1EFEDE348FE1}.Release|Any CPU.Build.0 = Release|Any CPU
		{7C10AA93-67CF-4E1C-9D88-7AB0DB403BE7}.Debug|Any CPU.ActiveCfg = Debug|Any CPU
		{7C10AA93-67CF-4E1C-9D88-7AB0DB403BE7}.Debug|Any CPU.Build.0 = Debug|Any CPU
		{7C10AA93-67CF-4E1C-9D88-7AB0DB403BE7}.Release|Any CPU.ActiveCfg = Release|Any CPU
		{7C10AA93-67CF-4E1C-9D88-7AB0DB403BE7}.Release|Any CPU.Build.0 = Release|Any CPU
		{483D4F2A-7FF4-4F7F-A5C5-CD02A7D68267}.Debug|Any CPU.ActiveCfg = Debug|Any CPU
		{483D4F2A-7FF4-4F7F-A5C5-CD02A7D68267}.Debug|Any CPU.Build.0 = Debug|Any CPU
		{483D4F2A-7FF4-4F7F-A5C5-CD02A7D68267}.Release|Any CPU.ActiveCfg = Release|Any CPU
		{483D4F2A-7FF4-4F7F-A5C5-CD02A7D68267}.Release|Any CPU.Build.0 = Release|Any CPU
	EndGlobalSection
	GlobalSection(SolutionProperties) = preSolution
		HideSolutionNode = FALSE
	EndGlobalSection
	GlobalSection(ExtensibilityGlobals) = postSolution
		SolutionGuid = {DCC0F68C-D7FE-4E78-B262-0A1326D4BD14}
	EndGlobalSection
EndGlobal
